<?xml version="1.0" encoding="utf-8"?>
<Project ToolsVersion="4.0" xmlns="http://schemas.microsoft.com/developer/msbuild/2003">
  <ItemGroup>
    <Filter Include="containers">
      <UniqueIdentifier>{FB7E5497-E736-96E4-503E-6F403C1531D5}</UniqueIdentifier>
    </Filter>
    <Filter Include="dll">
      <UniqueIdentifier>{A16A880B-0D74-887C-96EF-9E7C02F8937C}</UniqueIdentifier>
    </Filter>
    <Filter Include="engine">
      <UniqueIdentifier>{FBDB78FB-E77D-A3D1-D038-B725BC792A22}</UniqueIdentifier>
    </Filter>
    <Filter Include="user_interface">
      <UniqueIdentifier>{B4E1421C-A0AF-3622-8943-A74875B01287}</UniqueIdentifier>
    </Filter>
    <Filter Include="user_interface\imgui_sdl">
      <UniqueIdentifier>{A0537E45-8C78-CDC5-B5C3-B255A147CCE3}</UniqueIdentifier>
    </Filter>
  </ItemGroup>
  <ItemGroup>
    <ClInclude Include="src\containers\containers.h">
      <Filter>containers</Filter>
    </ClInclude>
    <ClInclude Include="src\dll\export_def.h">
      <Filter>dll</Filter>
    </ClInclude>
    <ClInclude Include="src\dll\framework.h">
      <Filter>dll</Filter>
    </ClInclude>
    <ClInclude Include="src\dll\pch.h">
      <Filter>dll</Filter>
    </ClInclude>
    <ClInclude Include="src\engine\bird-engine.h">
      <Filter>engine</Filter>
    </ClInclude>
    <ClInclude Include="src\user_interface\SHP_events.h">
      <Filter>user_interface</Filter>
    </ClInclude>
    <ClInclude Include="src\user_interface\gui_manager.h">
      <Filter>user_interface</Filter>
    </ClInclude>
    <ClInclude Include="src\user_interface\imgui_sdl\imconfig.h">
      <Filter>user_interface\imgui_sdl</Filter>
    </ClInclude>
    <ClInclude Include="src\user_interface\imgui_sdl\imgui.h">
      <Filter>user_interface\imgui_sdl</Filter>
    </ClInclude>
    <ClInclude Include="src\user_interface\imgui_sdl\imgui_impl_sdl2.h">
      <Filter>user_interface\imgui_sdl</Filter>
    </ClInclude>
    <ClInclude Include="src\user_interface\imgui_sdl\imgui_impl_sdlrenderer2.h">
      <Filter>user_interface\imgui_sdl</Filter>
    </ClInclude>
    <ClInclude Include="src\user_interface\imgui_sdl\imgui_internal.h">
      <Filter>user_interface\imgui_sdl</Filter>
    </ClInclude>
    <ClInclude Include="src\user_interface\imgui_sdl\imstb_rectpack.h">
      <Filter>user_interface\imgui_sdl</Filter>
    </ClInclude>
    <ClInclude Include="src\user_interface\imgui_sdl\imstb_textedit.h">
      <Filter>user_interface\imgui_sdl</Filter>
    </ClInclude>
    <ClInclude Include="src\user_interface\imgui_sdl\imstb_truetype.h">
      <Filter>user_interface\imgui_sdl</Filter>
    </ClInclude>
    <ClInclude Include="src\user_interface\input_manager.h">
      <Filter>user_interface</Filter>
    </ClInclude>
    <ClInclude Include="src\user_interface\io_manager.h">
      <Filter>user_interface</Filter>
    </ClInclude>
    <ClInclude Include="src\user_interface\renderer.h">
      <Filter>user_interface</Filter>
    </ClInclude>
    <ClInclude Include="src\user_interface\user_interface.h">
      <Filter>user_interface</Filter>
    </ClInclude>
    <ClInclude Include="src\user_interface\window.h">
      <Filter>user_interface</Filter>
    </ClInclude>
    <ClInclude Include="src\user_interface\asset_manager.h" />
    <ClInclude Include="src\ecs\component\sprite.h" />
    <ClInclude Include="src\ecs\component\drawable.h" />
    <ClInclude Include="src\user_interface\irenderer.h" />
    <ClInclude Include="src\ecs\component\transform.h" />
    <ClInclude Include="src\ecs\component\component.h" />
    <ClInclude Include="src\ecs\system\sparse_set.h" />
  </ItemGroup>
  <ItemGroup>
    <ClCompile Include="src\containers\containers.cpp">
      <Filter>containers</Filter>
    </ClCompile>
    <ClCompile Include="src\dll\dllmain.cpp">
      <Filter>dll</Filter>
    </ClCompile>
    <ClCompile Include="src\dll\export_def.cpp">
      <Filter>dll</Filter>
    </ClCompile>
    <ClCompile Include="src\dll\pch.cpp">
      <Filter>dll</Filter>
    </ClCompile>
    <ClCompile Include="src\engine\bird-engine.cpp">
      <Filter>engine</Filter>
    </ClCompile>
    <ClCompile Include="src\user_interface\SHP_events.cpp">
      <Filter>user_interface</Filter>
    </ClCompile>
    <ClCompile Include="src\user_interface\gui_manager.cpp">
      <Filter>user_interface</Filter>
    </ClCompile>
    <ClCompile Include="src\user_interface\imgui_sdl\imgui.cpp">
      <Filter>user_interface\imgui_sdl</Filter>
    </ClCompile>
    <ClCompile Include="src\user_interface\imgui_sdl\imgui_demo.cpp">
      <Filter>user_interface\imgui_sdl</Filter>
    </ClCompile>
    <ClCompile Include="src\user_interface\imgui_sdl\imgui_draw.cpp">
      <Filter>user_interface\imgui_sdl</Filter>
    </ClCompile>
    <ClCompile Include="src\user_interface\imgui_sdl\imgui_impl_sdl2.cpp">
      <Filter>user_interface\imgui_sdl</Filter>
    </ClCompile>
    <ClCompile Include="src\user_interface\imgui_sdl\imgui_impl_sdlrenderer2.cpp">
      <Filter>user_interface\imgui_sdl</Filter>
    </ClCompile>
    <ClCompile Include="src\user_interface\imgui_sdl\imgui_tables.cpp">
      <Filter>user_interface\imgui_sdl</Filter>
    </ClCompile>
    <ClCompile Include="src\user_interface\imgui_sdl\imgui_widgets.cpp">
      <Filter>user_interface\imgui_sdl</Filter>
    </ClCompile>
    <ClCompile Include="src\user_interface\input_manager.cpp">
      <Filter>user_interface</Filter>
    </ClCompile>
    <ClCompile Include="src\user_interface\io_manager.cpp">
      <Filter>user_interface</Filter>
    </ClCompile>
    <ClCompile Include="src\user_interface\renderer.cpp">
      <Filter>user_interface</Filter>
    </ClCompile>
    <ClCompile Include="src\user_interface\user_interface.cpp">
      <Filter>user_interface</Filter>
    </ClCompile>
    <ClCompile Include="src\user_interface\window.cpp">
      <Filter>user_interface</Filter>
    </ClCompile>
    <ClCompile Include="src\user_interface\asset_manager.cpp" />
    <ClCompile Include="src\ecs\component\sprite.cpp" />
    <ClCompile Include="src\ecs\component\drawable.cpp" />
    <ClCompile Include="src\user_interface\irenderer.cpp" />
    <ClCompile Include="src\ecs\component\transform.cpp" />
    <ClCompile Include="src\ecs\component\component.cpp" />
    <ClCompile Include="src\ecs\system\sparse_set.cpp" />
  </ItemGroup>
</Project>