<?xml version="1.0" encoding="utf-8"?>
<Project ToolsVersion="4.0" xmlns="http://schemas.microsoft.com/developer/msbuild/2003">
  <ItemGroup>
    <Filter Include="containers">
      <UniqueIdentifier>{FB7E5497-E736-96E4-503E-6F403C1531D5}</UniqueIdentifier>
    </Filter>
    <Filter Include="containers\func">
      <UniqueIdentifier>{7682DE82-E20D-4C47-EB1E-CF3B5729A847}</UniqueIdentifier>
    </Filter>
    <Filter Include="containers\input">
      <UniqueIdentifier>{5A4FE1DE-4648-0031-6F7A-E5B55BD2DF3C}</UniqueIdentifier>
    </Filter>
    <Filter Include="entities">
      <UniqueIdentifier>{AA3F76DB-960C-D1E6-BF25-BF8EAB510675}</UniqueIdentifier>
    </Filter>
    <Filter Include="game">
      <UniqueIdentifier>{9F35977C-8B6C-980D-3459-7E10206F140F}</UniqueIdentifier>
    </Filter>
    <Filter Include="hardware">
      <UniqueIdentifier>{736183B2-5F2E-DEBD-8847-CC657473134C}</UniqueIdentifier>
    </Filter>
    <Filter Include="math">
      <UniqueIdentifier>{CF809A7C-BBB7-9B0D-64A4-811050BA170F}</UniqueIdentifier>
    </Filter>
    <Filter Include="res_manager">
      <UniqueIdentifier>{C9420098-35F8-788D-BEEC-72642AA16F91}</UniqueIdentifier>
    </Filter>
    <Filter Include="sdl2imgui">
      <UniqueIdentifier>{B59E9785-2109-4CFC-6A47-FDA1D6F02951}</UniqueIdentifier>
    </Filter>
    <Filter Include="state_machine_base">
      <UniqueIdentifier>{54D6E07D-40BA-A1D3-A91A-9C26951D8C55}</UniqueIdentifier>
    </Filter>
    <Filter Include="system_component">
      <UniqueIdentifier>{BCC750E4-A8C0-6F36-D1F2-54BBBD4A4F42}</UniqueIdentifier>
    </Filter>
    <Filter Include="utils">
      <UniqueIdentifier>{169C8510-82B0-ADC1-4B32-5121B705AAF2}</UniqueIdentifier>
    </Filter>
  </ItemGroup>
  <ItemGroup>
    <ClInclude Include="src\containers\func\action.h">
      <Filter>containers\func</Filter>
    </ClInclude>
    <ClInclude Include="src\containers\func\action_base.h">
      <Filter>containers\func</Filter>
    </ClInclude>
    <ClInclude Include="src\containers\input\input.h">
      <Filter>containers\input</Filter>
    </ClInclude>
    <ClInclude Include="src\containers\input\input_group.h">
      <Filter>containers\input</Filter>
    </ClInclude>
    <ClInclude Include="src\containers\input\mobile_input.h">
      <Filter>containers\input</Filter>
    </ClInclude>
    <ClInclude Include="src\containers\input\pc_input.h">
      <Filter>containers\input</Filter>
    </ClInclude>
    <ClInclude Include="src\entities\flappy_bird.h">
      <Filter>entities</Filter>
    </ClInclude>
    <ClInclude Include="src\entities\pipe.h">
      <Filter>entities</Filter>
    </ClInclude>
    <ClInclude Include="src\game\game.h">
      <Filter>game</Filter>
    </ClInclude>
    <ClInclude Include="src\game\game_state.h">
      <Filter>game</Filter>
    </ClInclude>
    <ClInclude Include="src\game\gameplay_base.h">
      <Filter>game</Filter>
    </ClInclude>
    <ClInclude Include="src\hardware\hardware_interface.h">
      <Filter>hardware</Filter>
    </ClInclude>
    <ClInclude Include="src\math\vector2.h">
      <Filter>math</Filter>
    </ClInclude>
    <ClInclude Include="src\res_manager\texture_manager.h">
      <Filter>res_manager</Filter>
    </ClInclude>
    <ClInclude Include="src\sdl2imgui\imconfig.h">
      <Filter>sdl2imgui</Filter>
    </ClInclude>
    <ClInclude Include="src\sdl2imgui\imgui.h">
      <Filter>sdl2imgui</Filter>
    </ClInclude>
    <ClInclude Include="src\sdl2imgui\imgui_impl_sdl2.h">
      <Filter>sdl2imgui</Filter>
    </ClInclude>
    <ClInclude Include="src\sdl2imgui\imgui_impl_sdlrenderer2.h">
      <Filter>sdl2imgui</Filter>
    </ClInclude>
    <ClInclude Include="src\sdl2imgui\imgui_internal.h">
      <Filter>sdl2imgui</Filter>
    </ClInclude>
    <ClInclude Include="src\sdl2imgui\imstb_rectpack.h">
      <Filter>sdl2imgui</Filter>
    </ClInclude>
    <ClInclude Include="src\sdl2imgui\imstb_textedit.h">
      <Filter>sdl2imgui</Filter>
    </ClInclude>
    <ClInclude Include="src\sdl2imgui\imstb_truetype.h">
      <Filter>sdl2imgui</Filter>
    </ClInclude>
    <ClInclude Include="src\state_machine_base\listener_id.h">
      <Filter>state_machine_base</Filter>
    </ClInclude>
    <ClInclude Include="src\state_machine_base\state_machine.h">
      <Filter>state_machine_base</Filter>
    </ClInclude>
    <ClInclude Include="src\state_machine_base\state_machine_listener_base.h">
      <Filter>state_machine_base</Filter>
    </ClInclude>
    <ClInclude Include="src\system_component\collider.h">
      <Filter>system_component</Filter>
    </ClInclude>
    <ClInclude Include="src\system_component\drawable.h">
      <Filter>system_component</Filter>
    </ClInclude>
    <ClInclude Include="src\system_component\entity.h">
      <Filter>system_component</Filter>
    </ClInclude>
    <ClInclude Include="src\system_component\transform.h">
      <Filter>system_component</Filter>
    </ClInclude>
    <ClInclude Include="src\system_component\updatable.h">
      <Filter>system_component</Filter>
    </ClInclude>
    <ClInclude Include="src\utils\OpenGLDebugger.h">
      <Filter>utils</Filter>
    </ClInclude>
    <ClInclude Include="src\utils\class_type_check.h">
      <Filter>utils</Filter>
    </ClInclude>
  </ItemGroup>
  <ItemGroup>
    <ClCompile Include="src\containers\func\action.cpp">
      <Filter>containers\func</Filter>
    </ClCompile>
    <ClCompile Include="src\containers\func\action_base.cpp">
      <Filter>containers\func</Filter>
    </ClCompile>
    <ClCompile Include="src\containers\input\input.cpp">
      <Filter>containers\input</Filter>
    </ClCompile>
    <ClCompile Include="src\containers\input\input_group.cpp">
      <Filter>containers\input</Filter>
    </ClCompile>
    <ClCompile Include="src\containers\input\mobile_input.cpp">
      <Filter>containers\input</Filter>
    </ClCompile>
    <ClCompile Include="src\containers\input\pc_input.cpp">
      <Filter>containers\input</Filter>
    </ClCompile>
    <ClCompile Include="src\entities\flappy_bird.cpp">
      <Filter>entities</Filter>
    </ClCompile>
    <ClCompile Include="src\entities\pipe.cpp">
      <Filter>entities</Filter>
    </ClCompile>
    <ClCompile Include="src\game\game.cpp">
      <Filter>game</Filter>
    </ClCompile>
    <ClCompile Include="src\game\game_state.cpp">
      <Filter>game</Filter>
    </ClCompile>
    <ClCompile Include="src\game\gameplay_base.cpp">
      <Filter>game</Filter>
    </ClCompile>
    <ClCompile Include="src\hardware\hardware_interface.cpp">
      <Filter>hardware</Filter>
    </ClCompile>
    <ClCompile Include="src\main.cpp" />
    <ClCompile Include="src\math\vector2.cpp">
      <Filter>math</Filter>
    </ClCompile>
    <ClCompile Include="src\res_manager\texture_manager.cpp">
      <Filter>res_manager</Filter>
    </ClCompile>
    <ClCompile Include="src\sdl2imgui\imgui.cpp">
      <Filter>sdl2imgui</Filter>
    </ClCompile>
    <ClCompile Include="src\sdl2imgui\imgui_demo.cpp">
      <Filter>sdl2imgui</Filter>
    </ClCompile>
    <ClCompile Include="src\sdl2imgui\imgui_draw.cpp">
      <Filter>sdl2imgui</Filter>
    </ClCompile>
    <ClCompile Include="src\sdl2imgui\imgui_impl_sdl2.cpp">
      <Filter>sdl2imgui</Filter>
    </ClCompile>
    <ClCompile Include="src\sdl2imgui\imgui_impl_sdlrenderer2.cpp">
      <Filter>sdl2imgui</Filter>
    </ClCompile>
    <ClCompile Include="src\sdl2imgui\imgui_tables.cpp">
      <Filter>sdl2imgui</Filter>
    </ClCompile>
    <ClCompile Include="src\sdl2imgui\imgui_widgets.cpp">
      <Filter>sdl2imgui</Filter>
    </ClCompile>
    <ClCompile Include="src\state_machine_base\listener_id.cpp">
      <Filter>state_machine_base</Filter>
    </ClCompile>
    <ClCompile Include="src\state_machine_base\state_machine.cpp">
      <Filter>state_machine_base</Filter>
    </ClCompile>
    <ClCompile Include="src\state_machine_base\state_machine_listener_base.cpp">
      <Filter>state_machine_base</Filter>
    </ClCompile>
    <ClCompile Include="src\system_component\collider.cpp">
      <Filter>system_component</Filter>
    </ClCompile>
    <ClCompile Include="src\system_component\drawable.cpp">
      <Filter>system_component</Filter>
    </ClCompile>
    <ClCompile Include="src\system_component\entity.cpp">
      <Filter>system_component</Filter>
    </ClCompile>
    <ClCompile Include="src\system_component\transform.cpp">
      <Filter>system_component</Filter>
    </ClCompile>
    <ClCompile Include="src\system_component\updatable.cpp">
      <Filter>system_component</Filter>
    </ClCompile>
    <ClCompile Include="src\utils\OpenGLDebugger.cpp">
      <Filter>utils</Filter>
    </ClCompile>
    <ClCompile Include="src\utils\class_type_check.cpp">
      <Filter>utils</Filter>
    </ClCompile>
  </ItemGroup>
</Project>